
Microsoft Visual Studio Solution File, Format Version 12.00
# Visual Studio 15
VisualStudioVersion = 15.0.26730.3
MinimumVisualStudioVersion = 10.0.40219.1
Project("{FAE04EC0-301F-11D3-BF4B-00C04F79EFBC}") = "LAB_No1", "LAB_No1\LAB_No1.csproj", "{EB536799-3624-438C-9F59-33EB47D8E58B}"
EndProject
Global
	GlobalSection(SolutionConfigurationPlatforms) = preSolution
		Debug|Any CPU = Debug|Any CPU
		Release|Any CPU = Release|Any CPU
	EndGlobalSection
	GlobalSection(ProjectConfigurationPlatforms) = postSolution
		{EB536799-3624-438C-9F59-33EB47D8E58B}.Debug|Any CPU.ActiveCfg = Debug|Any CPU
		{EB536799-3624-438C-9F59-33EB47D8E58B}.Debug|Any CPU.Build.0 = Debug|Any CPU
		{EB536799-3624-438C-9F59-33EB47D8E58B}.Release|Any CPU.ActiveCfg = Release|Any CPU
		{EB536799-3624-438C-9F59-33EB47D8E58B}.Release|Any CPU.Build.0 = Release|Any CPU
	EndGlobalSection
	GlobalSection(SolutionProperties) = preSolution
		HideSolutionNode = FALSE
	EndGlobalSection
	GlobalSection(ExtensibilityGlobals) = postSolution
		SolutionGuid = {E0D42481-2EA9-4DE8-A6F8-A2085A7FC61D}
	EndGlobalSection
EndGlobal
